# THIS IS AN AUTOGENERATED FILE. DO NOT EDIT THIS FILE DIRECTLY.
# yarn lockfile v1


"@types/google-apps-script@^1.0.83":
  version "1.0.83"
  resolved "https://registry.yarnpkg.com/@types/google-apps-script/-/google-apps-script-1.0.83.tgz#1b92cdfd87feb146d2876eaf343a99bf2770790c"
  integrity sha512-o+QNeNZxPAfYHzRiLHjub9qF0IILg21r9MzYlnrIHUT+/wcC70aqDfedmzKTgtzsj79zvoTZD0cjGgy46+1Ynw==
